
Microsoft Visual Studio Solution File, Format Version 12.00
# Visual Studio Version 17
VisualStudioVersion = 17.6.33801.468
MinimumVisualStudioVersion = 10.0.40219.1
Project("{FAE04EC0-301F-11D3-BF4B-00C04F79EFBC}") = "CScompany", "CScompany\CScompany.csproj", "{5FBF29B7-BE65-417B-8ECB-A8169B1C6D1A}"
EndProject
Global
	GlobalSection(SolutionConfigurationPlatforms) = preSolution
		Debug|Any CPU = Debug|Any CPU
		Release|Any CPU = Release|Any CPU
	EndGlobalSection
	GlobalSection(ProjectConfigurationPlatforms) = postSolution
		{5FBF29B7-BE65-417B-8ECB-A8169B1C6D1A}.Debug|Any CPU.ActiveCfg = Debug|Any CPU
		{5FBF29B7-BE65-417B-8ECB-A8169B1C6D1A}.Debug|Any CPU.Build.0 = Debug|Any CPU
		{5FBF29B7-BE65-417B-8ECB-A8169B1C6D1A}.Release|Any CPU.ActiveCfg = Release|Any CPU
		{5FBF29B7-BE65-417B-8ECB-A8169B1C6D1A}.Release|Any CPU.Build.0 = Release|Any CPU
	EndGlobalSection
	GlobalSection(SolutionProperties) = preSolution
		HideSolutionNode = FALSE
	EndGlobalSection
	GlobalSection(ExtensibilityGlobals) = postSolution
		SolutionGuid = {5A4385AD-F3E3-42F4-8BDB-67F2A949EEF8}
	EndGlobalSection
EndGlobal
